<?xml version="1.0" encoding="utf-8"?>
<Project ToolsVersion="4.0" xmlns="http://schemas.microsoft.com/developer/msbuild/2003">
  <ItemGroup>
    <Filter Include="Source Files">
      <UniqueIdentifier>{4FC737F1-C7A5-4376-A066-2A32D752A2FF}</UniqueIdentifier>
      <Extensions>cpp;c;cc;cxx;def;odl;idl;hpj;bat;asm;asmx</Extensions>
    </Filter>
    <Filter Include="Header Files">
      <UniqueIdentifier>{93995380-89BD-4b04-88EB-625FBE52EBFB}</UniqueIdentifier>
      <Extensions>h;hh;hpp;hxx;hm;inl;inc;ipp;xsd</Extensions>
    </Filter>
    <Filter Include="Resource Files">
      <UniqueIdentifier>{67DA6AB6-F800-4c08-8B7A-83BB121AAD01}</UniqueIdentifier>
      <Extensions>rc;ico;cur;bmp;dlg;rc2;rct;bin;rgs;gif;jpg;jpeg;jpe;resx;tiff;tif;png;wav;mfcribbon-ms</Extensions>
    </Filter>
    <Filter Include="Header Files\Repositories">
      <UniqueIdentifier>{7132ae0b-ade9-4583-9dae-df4c6a96d517}</UniqueIdentifier>
    </Filter>
    <Filter Include="Source Files\Repositories">
      <UniqueIdentifier>{dbee14d1-fe35-4ecc-9a7f-7a350cd4c699}</UniqueIdentifier>
    </Filter>
  </ItemGroup>
  <ItemGroup>
    <ClCompile Include="main.cpp">
      <Filter>Source Files</Filter>
    </ClCompile>
    <ClCompile Include="Human.cpp">
      <Filter>Source Files</Filter>
    </ClCompile>
    <ClCompile Include="Repository.cpp">
      <Filter>Source Files\Repositories</Filter>
    </ClCompile>
    <ClCompile Include="RepositoryCSV.cpp">
      <Filter>Source Files\Repositories</Filter>
    </ClCompile>
    <ClCompile Include="RepositoryHTML.cpp">
      <Filter>Source Files\Repositories</Filter>
    </ClCompile>
    <ClCompile Include="Service.cpp">
      <Filter>Source Files</Filter>
    </ClCompile>
    <ClCompile Include="UI.cpp">
      <Filter>Source Files</Filter>
    </ClCompile>
    <ClCompile Include="RepositoryFake.cpp">
      <Filter>Source Files\Repositories</Filter>
    </ClCompile>
    <ClCompile Include="RepositoryTXT.cpp">
      <Filter>Source Files\Repositories</Filter>
    </ClCompile>
    <ClCompile Include="Validators.cpp">
      <Filter>Source Files</Filter>
    </ClCompile>
  </ItemGroup>
  <ItemGroup>
    <ClInclude Include="Human.h">
      <Filter>Header Files</Filter>
    </ClInclude>
    <ClInclude Include="utils.h">
      <Filter>Header Files</Filter>
    </ClInclude>
    <ClInclude Include="tests.h">
      <Filter>Header Files</Filter>
    </ClInclude>
    <ClInclude Include="Repository.h">
      <Filter>Header Files\Repositories</Filter>
    </ClInclude>
    <ClInclude Include="RepositoryCSV.h">
      <Filter>Header Files\Repositories</Filter>
    </ClInclude>
    <ClInclude Include="RepositoryHTML.h">
      <Filter>Header Files\Repositories</Filter>
    </ClInclude>
    <ClInclude Include="Service.h">
      <Filter>Header Files</Filter>
    </ClInclude>
    <ClInclude Include="UI.h">
      <Filter>Header Files</Filter>
    </ClInclude>
    <ClInclude Include="RepositoryFake.h">
      <Filter>Header Files\Repositories</Filter>
    </ClInclude>
    <ClInclude Include="RepositoryTXT.h">
      <Filter>Header Files\Repositories</Filter>
    </ClInclude>
    <ClInclude Include="isolationTest.h">
      <Filter>Header Files</Filter>
    </ClInclude>
    <ClInclude Include="Validators.h">
      <Filter>Header Files</Filter>
    </ClInclude>
    <ClInclude Include="exceptions.h">
      <Filter>Header Files</Filter>
    </ClInclude>
  </ItemGroup>
</Project>